// !$*UTF8*$!
{
	archiveVersion = 1;
	classes = {
	};
	objectVersion = 46;
	objects = {

/* Begin PBXBuildFile section */
		DDCC9AC21AB2421600213A45 /* main.m in Sources */ = {isa = PBXBuildFile; fileRef = DDCC9AC11AB2421600213A45 /* main.m */; };
		DDCC9AC51AB2421600213A45 /* AppDelegate.m in Sources */ = {isa = PBXBuildFile; fileRef = DDCC9AC41AB2421600213A45 /* AppDelegate.m */; };
		DDCC9ACB1AB2421600213A45 /* Main.storyboard in Resources */ = {isa = PBXBuildFile; fileRef = DDCC9AC91AB2421600213A45 /* Main.storyboard */; };
		DDCC9ACD1AB2421600213A45 /* Images.xcassets in Resources */ = {isa = PBXBuildFile; fileRef = DDCC9ACC1AB2421600213A45 /* Images.xcassets */; };
		DDCC9AD01AB2421600213A45 /* LaunchScreen.xib in Resources */ = {isa = PBXBuildFile; fileRef = DDCC9ACE1AB2421600213A45 /* LaunchScreen.xib */; };
		DDCC9AE81AB2438A00213A45 /* ViewControllerSpec.m in Sources */ = {isa = PBXBuildFile; fileRef = DDCC9AE71AB2438A00213A45 /* ViewControllerSpec.m */; };
		DDCC9AF01AB2500300213A45 /* ViewController.m in Sources */ = {isa = PBXBuildFile; fileRef = DDCC9AC71AB2421600213A45 /* ViewController.m */; };
		DDCC9AF11AB2516600213A45 /* ViewController.m in Sources */ = {isa = PBXBuildFile; fileRef = DDCC9AC71AB2421600213A45 /* ViewController.m */; };
		DDE5D57E1ABA589C00E63CC0 /* Fibonacci.m in Sources */ = {isa = PBXBuildFile; fileRef = DDE5D57D1ABA589C00E63CC0 /* Fibonacci.m */; };
		DDE5D5801ABA591300E63CC0 /* FibonacciSpec.m in Sources */ = {isa = PBXBuildFile; fileRef = DDE5D57F1ABA591300E63CC0 /* FibonacciSpec.m */; };
		DDE5D5821ABA598D00E63CC0 /* Fibonacci.m in Sources */ = {isa = PBXBuildFile; fileRef = DDE5D57D1ABA589C00E63CC0 /* Fibonacci.m */; };
/* End PBXBuildFile section */

/* Begin PBXContainerItemProxy section */
		DDCC9AD61AB2421600213A45 /* PBXContainerItemProxy */ = {
			isa = PBXContainerItemProxy;
			containerPortal = DDCC9AB41AB2421600213A45 /* Project object */;
			proxyType = 1;
			remoteGlobalIDString = DDCC9ABB1AB2421600213A45;
			remoteInfo = FibonacciObjC;
		};
/* End PBXContainerItemProxy section */

/* Begin PBXFileReference section */
		DDCC9ABC1AB2421600213A45 /* FibonacciObjC.app */ = {isa = PBXFileReference; explicitFileType = wrapper.application; includeInIndex = 0; path = FibonacciObjC.app; sourceTree = BUILT_PRODUCTS_DIR; };
		DDCC9AC01AB2421600213A45 /* Info.plist */ = {isa = PBXFileReference; lastKnownFileType = text.plist.xml; path = Info.plist; sourceTree = "<group>"; };
		DDCC9AC11AB2421600213A45 /* main.m */ = {isa = PBXFileReference; lastKnownFileType = sourcecode.c.objc; path = main.m; sourceTree = "<group>"; };
		DDCC9AC31AB2421600213A45 /* AppDelegate.h */ = {isa = PBXFileReference; lastKnownFileType = sourcecode.c.h; path = AppDelegate.h; sourceTree = "<group>"; };
		DDCC9AC41AB2421600213A45 /* AppDelegate.m */ = {isa = PBXFileReference; lastKnownFileType = sourcecode.c.objc; path = AppDelegate.m; sourceTree = "<group>"; };
		DDCC9AC61AB2421600213A45 /* ViewController.h */ = {isa = PBXFileReference; lastKnownFileType = sourcecode.c.h; path = ViewController.h; sourceTree = "<group>"; };
		DDCC9AC71AB2421600213A45 /* ViewController.m */ = {isa = PBXFileReference; lastKnownFileType = sourcecode.c.objc; path = ViewController.m; sourceTree = "<group>"; };
		DDCC9ACA1AB2421600213A45 /* Base */ = {isa = PBXFileReference; lastKnownFileType = file.storyboard; name = Base; path = Base.lproj/Main.storyboard; sourceTree = "<group>"; };
		DDCC9ACC1AB2421600213A45 /* Images.xcassets */ = {isa = PBXFileReference; lastKnownFileType = folder.assetcatalog; path = Images.xcassets; sourceTree = "<group>"; };
		DDCC9ACF1AB2421600213A45 /* Base */ = {isa = PBXFileReference; lastKnownFileType = file.xib; name = Base; path = Base.lproj/LaunchScreen.xib; sourceTree = "<group>"; };
		DDCC9AD51AB2421600213A45 /* FibonacciObjCTests.xctest */ = {isa = PBXFileReference; explicitFileType = wrapper.cfbundle; includeInIndex = 0; path = FibonacciObjCTests.xctest; sourceTree = BUILT_PRODUCTS_DIR; };
		DDCC9ADA1AB2421600213A45 /* Info.plist */ = {isa = PBXFileReference; lastKnownFileType = text.plist.xml; path = Info.plist; sourceTree = "<group>"; };
		DDCC9AE71AB2438A00213A45 /* ViewControllerSpec.m */ = {isa = PBXFileReference; fileEncoding = 4; lastKnownFileType = sourcecode.c.objc; path = ViewControllerSpec.m; sourceTree = "<group>"; };
		DDE5D57C1ABA589C00E63CC0 /* Fibonacci.h */ = {isa = PBXFileReference; fileEncoding = 4; lastKnownFileType = sourcecode.c.h; path = Fibonacci.h; sourceTree = "<group>"; };
		DDE5D57D1ABA589C00E63CC0 /* Fibonacci.m */ = {isa = PBXFileReference; fileEncoding = 4; lastKnownFileType = sourcecode.c.objc; path = Fibonacci.m; sourceTree = "<group>"; };
		DDE5D57F1ABA591300E63CC0 /* FibonacciSpec.m */ = {isa = PBXFileReference; fileEncoding = 4; lastKnownFileType = sourcecode.c.objc; path = FibonacciSpec.m; sourceTree = "<group>"; };
/* End PBXFileReference section */

/* Begin PBXFrameworksBuildPhase section */
		DDCC9AB91AB2421600213A45 /* Frameworks */ = {
			isa = PBXFrameworksBuildPhase;
			buildActionMask = 2147483647;
			files = (
			);
			runOnlyForDeploymentPostprocessing = 0;
		};
		DDCC9AD21AB2421600213A45 /* Frameworks */ = {
			isa = PBXFrameworksBuildPhase;
			buildActionMask = 2147483647;
			files = (
			);
			runOnlyForDeploymentPostprocessing = 0;
		};
/* End PBXFrameworksBuildPhase section */

/* Begin PBXGroup section */
		DDCC9AB31AB2421600213A45 = {
			isa = PBXGroup;
			children = (
				DDCC9ABE1AB2421600213A45 /* FibonacciObjC */,
				DDCC9AD81AB2421600213A45 /* FibonacciObjCTests */,
				DDCC9ABD1AB2421600213A45 /* Products */,
			);
			sourceTree = "<group>";
		};
		DDCC9ABD1AB2421600213A45 /* Products */ = {
			isa = PBXGroup;
			children = (
				DDCC9ABC1AB2421600213A45 /* FibonacciObjC.app */,
				DDCC9AD51AB2421600213A45 /* FibonacciObjCTests.xctest */,
			);
			name = Products;
			sourceTree = "<group>";
		};
		DDCC9ABE1AB2421600213A45 /* FibonacciObjC */ = {
			isa = PBXGroup;
			children = (
				DDE5D5781ABA586200E63CC0 /* Models */,
				DDCC9AC31AB2421600213A45 /* AppDelegate.h */,
				DDCC9AC41AB2421600213A45 /* AppDelegate.m */,
				DDCC9AC61AB2421600213A45 /* ViewController.h */,
				DDCC9AC71AB2421600213A45 /* ViewController.m */,
				DDCC9AC91AB2421600213A45 /* Main.storyboard */,
				DDCC9ACC1AB2421600213A45 /* Images.xcassets */,
				DDCC9ACE1AB2421600213A45 /* LaunchScreen.xib */,
				DDCC9ABF1AB2421600213A45 /* Supporting Files */,
			);
			path = FibonacciObjC;
			sourceTree = "<group>";
		};
		DDCC9ABF1AB2421600213A45 /* Supporting Files */ = {
			isa = PBXGroup;
			children = (
				DDCC9AC01AB2421600213A45 /* Info.plist */,
				DDCC9AC11AB2421600213A45 /* main.m */,
			);
			name = "Supporting Files";
			sourceTree = "<group>";
		};
		DDCC9AD81AB2421600213A45 /* FibonacciObjCTests */ = {
			isa = PBXGroup;
			children = (
				DDCC9AD91AB2421600213A45 /* Supporting Files */,
				DDCC9AE71AB2438A00213A45 /* ViewControllerSpec.m */,
				DDE5D57F1ABA591300E63CC0 /* FibonacciSpec.m */,
			);
			path = FibonacciObjCTests;
			sourceTree = "<group>";
		};
		DDCC9AD91AB2421600213A45 /* Supporting Files */ = {
			isa = PBXGroup;
			children = (
				DDCC9ADA1AB2421600213A45 /* Info.plist */,
			);
			name = "Supporting Files";
			sourceTree = "<group>";
		};
		DDE5D5781ABA586200E63CC0 /* Models */ = {
			isa = PBXGroup;
			children = (
				DDE5D57C1ABA589C00E63CC0 /* Fibonacci.h */,
				DDE5D57D1ABA589C00E63CC0 /* Fibonacci.m */,
			);
			name = Models;
			sourceTree = "<group>";
		};
/* End PBXGroup section */

/* Begin PBXNativeTarget section */
		DDCC9ABB1AB2421600213A45 /* FibonacciObjC */ = {
			isa = PBXNativeTarget;
			buildConfigurationList = DDCC9ADF1AB2421600213A45 /* Build configuration list for PBXNativeTarget "FibonacciObjC" */;
			buildPhases = (
				DDCC9AB81AB2421600213A45 /* Sources */,
				DDCC9AB91AB2421600213A45 /* Frameworks */,
				DDCC9ABA1AB2421600213A45 /* Resources */,
			);
			buildRules = (
			);
			dependencies = (
			);
			name = FibonacciObjC;
			productName = FibonacciObjC;
			productReference = DDCC9ABC1AB2421600213A45 /* FibonacciObjC.app */;
			productType = "com.apple.product-type.application";
		};
		DDCC9AD41AB2421600213A45 /* FibonacciObjCTests */ = {
			isa = PBXNativeTarget;
			buildConfigurationList = DDCC9AE21AB2421600213A45 /* Build configuration list for PBXNativeTarget "FibonacciObjCTests" */;
			buildPhases = (
				DDCC9AD11AB2421600213A45 /* Sources */,
				DDCC9AD21AB2421600213A45 /* Frameworks */,
				DDCC9AD31AB2421600213A45 /* Resources */,
			);
			buildRules = (
			);
			dependencies = (
				DDCC9AD71AB2421600213A45 /* PBXTargetDependency */,
			);
			name = FibonacciObjCTests;
			productName = FibonacciObjCTests;
			productReference = DDCC9AD51AB2421600213A45 /* FibonacciObjCTests.xctest */;
			productType = "com.apple.product-type.bundle.unit-test";
		};
/* End PBXNativeTarget section */

/* Begin PBXProject section */
		DDCC9AB41AB2421600213A45 /* Project object */ = {
			isa = PBXProject;
			attributes = {
				LastUpgradeCheck = 0610;
				ORGANIZATIONNAME = com.DavisKoh;
				TargetAttributes = {
					DDCC9ABB1AB2421600213A45 = {
						CreatedOnToolsVersion = 6.1.1;
					};
					DDCC9AD41AB2421600213A45 = {
						CreatedOnToolsVersion = 6.1.1;
						TestTargetID = DDCC9ABB1AB2421600213A45;
					};
				};
			};
			buildConfigurationList = DDCC9AB71AB2421600213A45 /* Build configuration list for PBXProject "FibonacciObjC" */;
			compatibilityVersion = "Xcode 3.2";
			developmentRegion = English;
			hasScannedForEncodings = 0;
			knownRegions = (
				en,
				Base,
			);
			mainGroup = DDCC9AB31AB2421600213A45;
			productRefGroup = DDCC9ABD1AB2421600213A45 /* Products */;
			projectDirPath = "";
			projectRoot = "";
			targets = (
				DDCC9ABB1AB2421600213A45 /* FibonacciObjC */,
				DDCC9AD41AB2421600213A45 /* FibonacciObjCTests */,
			);
		};
/* End PBXProject section */

/* Begin PBXResourcesBuildPhase section */
		DDCC9ABA1AB2421600213A45 /* Resources */ = {
			isa = PBXResourcesBuildPhase;
			buildActionMask = 2147483647;
			files = (
				DDCC9ACB1AB2421600213A45 /* Main.storyboard in Resources */,
				DDCC9AD01AB2421600213A45 /* LaunchScreen.xib in Resources */,
				DDCC9ACD1AB2421600213A45 /* Images.xcassets in Resources */,
			);
			runOnlyForDeploymentPostprocessing = 0;
		};
		DDCC9AD31AB2421600213A45 /* Resources */ = {
			isa = PBXResourcesBuildPhase;
			buildActionMask = 2147483647;
			files = (
			);
			runOnlyForDeploymentPostprocessing = 0;
		};
/* End PBXResourcesBuildPhase section */

/* Begin PBXSourcesBuildPhase section */
		DDCC9AB81AB2421600213A45 /* Sources */ = {
			isa = PBXSourcesBuildPhase;
			buildActionMask = 2147483647;
			files = (
				DDE5D57E1ABA589C00E63CC0 /* Fibonacci.m in Sources */,
				DDCC9AF01AB2500300213A45 /* ViewController.m in Sources */,
				DDCC9AC51AB2421600213A45 /* AppDelegate.m in Sources */,
				DDCC9AC21AB2421600213A45 /* main.m in Sources */,
			);
			runOnlyForDeploymentPostprocessing = 0;
		};
		DDCC9AD11AB2421600213A45 /* Sources */ = {
			isa = PBXSourcesBuildPhase;
			buildActionMask = 2147483647;
			files = (
				DDE5D5821ABA598D00E63CC0 /* Fibonacci.m in Sources */,
				DDCC9AF11AB2516600213A45 /* ViewController.m in Sources */,
				DDCC9AE81AB2438A00213A45 /* ViewControllerSpec.m in Sources */,
				DDE5D5801ABA591300E63CC0 /* FibonacciSpec.m in Sources */,
			);
			runOnlyForDeploymentPostprocessing = 0;
		};
/* End PBXSourcesBuildPhase section */

/* Begin PBXTargetDependency section */
		DDCC9AD71AB2421600213A45 /* PBXTargetDependency */ = {
			isa = PBXTargetDependency;
			target = DDCC9ABB1AB2421600213A45 /* FibonacciObjC */;
			targetProxy = DDCC9AD61AB2421600213A45 /* PBXContainerItemProxy */;
		};
/* End PBXTargetDependency section */

/* Begin PBXVariantGroup section */
		DDCC9AC91AB2421600213A45 /* Main.storyboard */ = {
			isa = PBXVariantGroup;
			children = (
				DDCC9ACA1AB2421600213A45 /* Base */,
			);
			name = Main.storyboard;
			sourceTree = "<group>";
		};
		DDCC9ACE1AB2421600213A45 /* LaunchScreen.xib */ = {
			isa = PBXVariantGroup;
			children = (
				DDCC9ACF1AB2421600213A45 /* Base */,
			);
			name = LaunchScreen.xib;
			sourceTree = "<group>";
		};
/* End PBXVariantGroup section */

/* Begin XCBuildConfiguration section */
		DDCC9ADD1AB2421600213A45 /* Debug */ = {
			isa = XCBuildConfiguration;
			buildSettings = {
				ALWAYS_SEARCH_USER_PATHS = NO;
				CLANG_CXX_LANGUAGE_STANDARD = "gnu++0x";
				CLANG_CXX_LIBRARY = "libc++";
				CLANG_ENABLE_MODULES = YES;
				CLANG_ENABLE_OBJC_ARC = YES;
				CLANG_WARN_BOOL_CONVERSION = YES;
				CLANG_WARN_CONSTANT_CONVERSION = YES;
				CLANG_WARN_DIRECT_OBJC_ISA_USAGE = YES_ERROR;
				CLANG_WARN_EMPTY_BODY = YES;
				CLANG_WARN_ENUM_CONVERSION = YES;
				CLANG_WARN_INT_CONVERSION = YES;
				CLANG_WARN_OBJC_ROOT_CLASS = YES_ERROR;
				CLANG_WARN_UNREACHABLE_CODE = YES;
				CLANG_WARN__DUPLICATE_METHOD_MATCH = YES;
				"CODE_SIGN_IDENTITY[sdk=iphoneos*]" = "iPhone Developer";
				COPY_PHASE_STRIP = NO;
				ENABLE_STRICT_OBJC_MSGSEND = YES;
				GCC_C_LANGUAGE_STANDARD = gnu99;
				GCC_DYNAMIC_NO_PIC = NO;
				GCC_OPTIMIZATION_LEVEL = 0;
				GCC_PREPROCESSOR_DEFINITIONS = (
					"DEBUG=1",
					"$(inherited)",
				);
				GCC_SYMBOLS_PRIVATE_EXTERN = NO;
				GCC_WARN_64_TO_32_BIT_CONVERSION = YES;
				GCC_WARN_ABOUT_RETURN_TYPE = YES_ERROR;
				GCC_WARN_UNDECLARED_SELECTOR = YES;
				GCC_WARN_UNINITIALIZED_AUTOS = YES_AGGRESSIVE;
				GCC_WARN_UNUSED_FUNCTION = YES;
				GCC_WARN_UNUSED_VARIABLE = YES;
				IPHONEOS_DEPLOYMENT_TARGET = 8.1;
				MTL_ENABLE_DEBUG_INFO = YES;
				ONLY_ACTIVE_ARCH = YES;
				SDKROOT = iphoneos;
			};
			name = Debug;
		};
		DDCC9ADE1AB2421600213A45 /* Release */ = {
			isa = XCBuildConfiguration;
			buildSettings = {
				ALWAYS_SEARCH_USER_PATHS = NO;
				CLANG_CXX_LANGUAGE_STANDARD = "gnu++0x";
				CLANG_CXX_LIBRARY = "libc++";
				CLANG_ENABLE_MODULES = YES;
				CLANG_ENABLE_OBJC_ARC = YES;
				CLANG_WARN_BOOL_CONVERSION = YES;
				CLANG_WARN_CONSTANT_CONVERSION = YES;
				CLANG_WARN_DIRECT_OBJC_ISA_USAGE = YES_ERROR;
				CLANG_WARN_EMPTY_BODY = YES;
				CLANG_WARN_ENUM_CONVERSION = YES;
				CLANG_WARN_INT_CONVERSION = YES;
				CLANG_WARN_OBJC_ROOT_CLASS = YES_ERROR;
				CLANG_WARN_UNREACHABLE_CODE = YES;
				CLANG_WARN__DUPLICATE_METHOD_MATCH = YES;
				"CODE_SIGN_IDENTITY[sdk=iphoneos*]" = "iPhone Developer";
				COPY_PHASE_STRIP = YES;
				ENABLE_NS_ASSERTIONS = NO;
				ENABLE_STRICT_OBJC_MSGSEND = YES;
				GCC_C_LANGUAGE_STANDARD = gnu99;
				GCC_WARN_64_TO_32_BIT_CONVERSION = YES;
				GCC_WARN_ABOUT_RETURN_TYPE = YES_ERROR;
				GCC_WARN_UNDECLARED_SELECTOR = YES;
				GCC_WARN_UNINITIALIZED_AUTOS = YES_AGGRESSIVE;
				GCC_WARN_UNUSED_FUNCTION = YES;
				GCC_WARN_UNUSED_VARIABLE = YES;
				IPHONEOS_DEPLOYMENT_TARGET = 8.1;
				MTL_ENABLE_DEBUG_INFO = NO;
				SDKROOT = iphoneos;
				VALIDATE_PRODUCT = YES;
			};
			name = Release;
		};
		DDCC9AE01AB2421600213A45 /* Debug */ = {
			isa = XCBuildConfiguration;
			buildSettings = {
				ASSETCATALOG_COMPILER_APPICON_NAME = AppIcon;
				INFOPLIST_FILE = FibonacciObjC/Info.plist;
				LD_RUNPATH_SEARCH_PATHS = "$(inherited) @executable_path/Frameworks";
				PRODUCT_NAME = "$(TARGET_NAME)";
			};
			name = Debug;
		};
		DDCC9AE11AB2421600213A45 /* Release */ = {
			isa = XCBuildConfiguration;
			buildSettings = {
				ASSETCATALOG_COMPILER_APPICON_NAME = AppIcon;
				INFOPLIST_FILE = FibonacciObjC/Info.plist;
				LD_RUNPATH_SEARCH_PATHS = "$(inherited) @executable_path/Frameworks";
				PRODUCT_NAME = "$(TARGET_NAME)";
			};
			name = Release;
		};
		DDCC9AE31AB2421600213A45 /* Debug */ = {
			isa = XCBuildConfiguration;
			buildSettings = {
				BUNDLE_LOADER = "$(TEST_HOST)";
				FRAMEWORK_SEARCH_PATHS = (
					"$(SDKROOT)/Developer/Library/Frameworks",
					"$(inherited)",
				);
				GCC_PREPROCESSOR_DEFINITIONS = (
					"DEBUG=1",
					"$(inherited)",
				);
				INFOPLIST_FILE = FibonacciObjCTests/Info.plist;
				LD_RUNPATH_SEARCH_PATHS = "$(inherited) @executable_path/Frameworks @loader_path/Frameworks";
				PRODUCT_NAME = "$(TARGET_NAME)";
				TEST_HOST = "$(BUILT_PRODUCTS_DIR)/FibonacciObjC.app/FibonacciObjC";
			};
			name = Debug;
		};
		DDCC9AE41AB2421600213A45 /* Release */ = {
			isa = XCBuildConfiguration;
			buildSettings = {
				BUNDLE_LOADER = "$(TEST_HOST)";
				FRAMEWORK_SEARCH_PATHS = (
					"$(SDKROOT)/Developer/Library/Frameworks",
					"$(inherited)",
				);
				INFOPLIST_FILE = FibonacciObjCTests/Info.plist;
				LD_RUNPATH_SEARCH_PATHS = "$(inherited) @executable_path/Frameworks @loader_path/Frameworks";
				PRODUCT_NAME = "$(TARGET_NAME)";
				TEST_HOST = "$(BUILT_PRODUCTS_DIR)/FibonacciObjC.app/FibonacciObjC";
			};
			name = Release;
		};
/* End XCBuildConfiguration section */

/* Begin XCConfigurationList section */
		DDCC9AB71AB2421600213A45 /* Build configuration list for PBXProject "FibonacciObjC" */ = {
			isa = XCConfigurationList;
			buildConfigurations = (
				DDCC9ADD1AB2421600213A45 /* Debug */,
				DDCC9ADE1AB2421600213A45 /* Release */,
			);
			defaultConfigurationIsVisible = 0;
			defaultConfigurationName = Release;
		};
		DDCC9ADF1AB2421600213A45 /* Build configuration list for PBXNativeTarget "FibonacciObjC" */ = {
			isa = XCConfigurationList;
			buildConfigurations = (
				DDCC9AE01AB2421600213A45 /* Debug */,
				DDCC9AE11AB2421600213A45 /* Release */,
			);
			defaultConfigurationIsVisible = 0;
			defaultConfigurationName = Release;
		};
		DDCC9AE21AB2421600213A45 /* Build configuration list for PBXNativeTarget "FibonacciObjCTests" */ = {
			isa = XCConfigurationList;
			buildConfigurations = (
				DDCC9AE31AB2421600213A45 /* Debug */,
				DDCC9AE41AB2421600213A45 /* Release */,
			);
			defaultConfigurationIsVisible = 0;
			defaultConfigurationName = Release;
		};
/* End XCConfigurationList section */
	};
	rootObject = DDCC9AB41AB2421600213A45 /* Project object */;
}
